
Microsoft Visual Studio Solution File, Format Version 12.00
# Visual Studio 15
Project("{FAE04EC0-301F-11D3-BF4B-00C04F79EFBC}") = "Mapia", "Assembly-CSharp.csproj", "{0608F581-D05B-63E4-414F-8FEBE0E03609}"
EndProject
Global
	GlobalSection(SolutionConfigurationPlatforms) = preSolution
		Debug|Any CPU = Debug|Any CPU
		Release|Any CPU = Release|Any CPU
	EndGlobalSection
	GlobalSection(ProjectConfigurationPlatforms) = postSolution
		{0608F581-D05B-63E4-414F-8FEBE0E03609}.Debug|Any CPU.ActiveCfg = Debug|Any CPU
		{0608F581-D05B-63E4-414F-8FEBE0E03609}.Debug|Any CPU.Build.0 = Debug|Any CPU
		{0608F581-D05B-63E4-414F-8FEBE0E03609}.Release|Any CPU.ActiveCfg = Release|Any CPU
		{0608F581-D05B-63E4-414F-8FEBE0E03609}.Release|Any CPU.Build.0 = Release|Any CPU
	EndGlobalSection
	GlobalSection(SolutionProperties) = preSolution
		HideSolutionNode = FALSE
	EndGlobalSection
EndGlobal
